// !$*UTF8*$!
{
	archiveVersion = 1;
	classes = {
	};
	objectVersion = 50;
	objects = {

/* Begin PBXBuildFile section */
		2045F09D20E3CB3D00A3DE0D /* AppDelegate.swift in Sources */ = {isa = PBXBuildFile; fileRef = 2045F09C20E3CB3D00A3DE0D /* AppDelegate.swift */; };
		2045F09F20E3CB3D00A3DE0D /* ViewController.swift in Sources */ = {isa = PBXBuildFile; fileRef = 2045F09E20E3CB3D00A3DE0D /* ViewController.swift */; };
		2045F0A220E3CB3D00A3DE0D /* Main.storyboard in Resources */ = {isa = PBXBuildFile; fileRef = 2045F0A020E3CB3D00A3DE0D /* Main.storyboard */; };
		2045F0A420E3CB3E00A3DE0D /* Assets.xcassets in Resources */ = {isa = PBXBuildFile; fileRef = 2045F0A320E3CB3E00A3DE0D /* Assets.xcassets */; };
		2045F0A720E3CB3E00A3DE0D /* LaunchScreen.storyboard in Resources */ = {isa = PBXBuildFile; fileRef = 2045F0A520E3CB3E00A3DE0D /* LaunchScreen.storyboard */; };
		2045F0B220E3CB3F00A3DE0D /* nihaoTests.swift in Sources */ = {isa = PBXBuildFile; fileRef = 2045F0B120E3CB3F00A3DE0D /* nihaoTests.swift */; };
		2045F0BD20E3CB3F00A3DE0D /* nihaoUITests.swift in Sources */ = {isa = PBXBuildFile; fileRef = 2045F0BC20E3CB3F00A3DE0D /* nihaoUITests.swift */; };
/* End PBXBuildFile section */

/* Begin PBXContainerItemProxy section */
		2045F0AE20E3CB3F00A3DE0D /* PBXContainerItemProxy */ = {
			isa = PBXContainerItemProxy;
			containerPortal = 2045F09120E3CB3D00A3DE0D /* Project object */;
			proxyType = 1;
			remoteGlobalIDString = 2045F09820E3CB3D00A3DE0D;
			remoteInfo = nihao;
		};
		2045F0B920E3CB3F00A3DE0D /* PBXContainerItemProxy */ = {
			isa = PBXContainerItemProxy;
			containerPortal = 2045F09120E3CB3D00A3DE0D /* Project object */;
			proxyType = 1;
			remoteGlobalIDString = 2045F09820E3CB3D00A3DE0D;
			remoteInfo = nihao;
		};
/* End PBXContainerItemProxy section */

/* Begin PBXFileReference section */
		2045F09920E3CB3D00A3DE0D /* nihao.app */ = {isa = PBXFileReference; explicitFileType = wrapper.application; includeInIndex = 0; path = nihao.app; sourceTree = BUILT_PRODUCTS_DIR; };
		2045F09C20E3CB3D00A3DE0D /* AppDelegate.swift */ = {isa = PBXFileReference; lastKnownFileType = sourcecode.swift; path = AppDelegate.swift; sourceTree = "<group>"; };
		2045F09E20E3CB3D00A3DE0D /* ViewController.swift */ = {isa = PBXFileReference; lastKnownFileType = sourcecode.swift; path = ViewController.swift; sourceTree = "<group>"; };
		2045F0A120E3CB3D00A3DE0D /* Base */ = {isa = PBXFileReference; lastKnownFileType = file.storyboard; name = Base; path = Base.lproj/Main.storyboard; sourceTree = "<group>"; };
		2045F0A320E3CB3E00A3DE0D /* Assets.xcassets */ = {isa = PBXFileReference; lastKnownFileType = folder.assetcatalog; path = Assets.xcassets; sourceTree = "<group>"; };
		2045F0A620E3CB3E00A3DE0D /* Base */ = {isa = PBXFileReference; lastKnownFileType = file.storyboard; name = Base; path = Base.lproj/LaunchScreen.storyboard; sourceTree = "<group>"; };
		2045F0A820E3CB3E00A3DE0D /* Info.plist */ = {isa = PBXFileReference; lastKnownFileType = text.plist.xml; path = Info.plist; sourceTree = "<group>"; };
		2045F0AD20E3CB3F00A3DE0D /* nihaoTests.xctest */ = {isa = PBXFileReference; explicitFileType = wrapper.cfbundle; includeInIndex = 0; path = nihaoTests.xctest; sourceTree = BUILT_PRODUCTS_DIR; };
		2045F0B120E3CB3F00A3DE0D /* nihaoTests.swift */ = {isa = PBXFileReference; lastKnownFileType = sourcecode.swift; path = nihaoTests.swift; sourceTree = "<group>"; };
		2045F0B320E3CB3F00A3DE0D /* Info.plist */ = {isa = PBXFileReference; lastKnownFileType = text.plist.xml; path = Info.plist; sourceTree = "<group>"; };
		2045F0B820E3CB3F00A3DE0D /* nihaoUITests.xctest */ = {isa = PBXFileReference; explicitFileType = wrapper.cfbundle; includeInIndex = 0; path = nihaoUITests.xctest; sourceTree = BUILT_PRODUCTS_DIR; };
		2045F0BC20E3CB3F00A3DE0D /* nihaoUITests.swift */ = {isa = PBXFileReference; lastKnownFileType = sourcecode.swift; path = nihaoUITests.swift; sourceTree = "<group>"; };
		2045F0BE20E3CB3F00A3DE0D /* Info.plist */ = {isa = PBXFileReference; lastKnownFileType = text.plist.xml; path = Info.plist; sourceTree = "<group>"; };
/* End PBXFileReference section */

/* Begin PBXFrameworksBuildPhase section */
		2045F09620E3CB3D00A3DE0D /* Frameworks */ = {
			isa = PBXFrameworksBuildPhase;
			buildActionMask = 2147483647;
			files = (
			);
			runOnlyForDeploymentPostprocessing = 0;
		};
		2045F0AA20E3CB3F00A3DE0D /* Frameworks */ = {
			isa = PBXFrameworksBuildPhase;
			buildActionMask = 2147483647;
			files = (
			);
			runOnlyForDeploymentPostprocessing = 0;
		};
		2045F0B520E3CB3F00A3DE0D /* Frameworks */ = {
			isa = PBXFrameworksBuildPhase;
			buildActionMask = 2147483647;
			files = (
			);
			runOnlyForDeploymentPostprocessing = 0;
		};
/* End PBXFrameworksBuildPhase section */

/* Begin PBXGroup section */
		2045F09020E3CB3D00A3DE0D = {
			isa = PBXGroup;
			children = (
				2045F09B20E3CB3D00A3DE0D /* nihao */,
				2045F0B020E3CB3F00A3DE0D /* nihaoTests */,
				2045F0BB20E3CB3F00A3DE0D /* nihaoUITests */,
				2045F09A20E3CB3D00A3DE0D /* Products */,
			);
			sourceTree = "<group>";
		};
		2045F09A20E3CB3D00A3DE0D /* Products */ = {
			isa = PBXGroup;
			children = (
				2045F09920E3CB3D00A3DE0D /* nihao.app */,
				2045F0AD20E3CB3F00A3DE0D /* nihaoTests.xctest */,
				2045F0B820E3CB3F00A3DE0D /* nihaoUITests.xctest */,
			);
			name = Products;
			sourceTree = "<group>";
		};
		2045F09B20E3CB3D00A3DE0D /* nihao */ = {
			isa = PBXGroup;
			children = (
				2045F09C20E3CB3D00A3DE0D /* AppDelegate.swift */,
				2045F09E20E3CB3D00A3DE0D /* ViewController.swift */,
				2045F0A020E3CB3D00A3DE0D /* Main.storyboard */,
				2045F0A320E3CB3E00A3DE0D /* Assets.xcassets */,
				2045F0A520E3CB3E00A3DE0D /* LaunchScreen.storyboard */,
				2045F0A820E3CB3E00A3DE0D /* Info.plist */,
			);
			path = nihao;
			sourceTree = "<group>";
		};
		2045F0B020E3CB3F00A3DE0D /* nihaoTests */ = {
			isa = PBXGroup;
			children = (
				2045F0B120E3CB3F00A3DE0D /* nihaoTests.swift */,
				2045F0B320E3CB3F00A3DE0D /* Info.plist */,
			);
			path = nihaoTests;
			sourceTree = "<group>";
		};
		2045F0BB20E3CB3F00A3DE0D /* nihaoUITests */ = {
			isa = PBXGroup;
			children = (
				2045F0BC20E3CB3F00A3DE0D /* nihaoUITests.swift */,
				2045F0BE20E3CB3F00A3DE0D /* Info.plist */,
			);
			path = nihaoUITests;
			sourceTree = "<group>";
		};
/* End PBXGroup section */

/* Begin PBXNativeTarget section */
		2045F09820E3CB3D00A3DE0D /* nihao */ = {
			isa = PBXNativeTarget;
			buildConfigurationList = 2045F0C120E3CB3F00A3DE0D /* Build configuration list for PBXNativeTarget "nihao" */;
			buildPhases = (
				2045F09520E3CB3D00A3DE0D /* Sources */,
				2045F09620E3CB3D00A3DE0D /* Frameworks */,
				2045F09720E3CB3D00A3DE0D /* Resources */,
			);
			buildRules = (
			);
			dependencies = (
			);
			name = nihao;
			productName = nihao;
			productReference = 2045F09920E3CB3D00A3DE0D /* nihao.app */;
			productType = "com.apple.product-type.application";
		};
		2045F0AC20E3CB3F00A3DE0D /* nihaoTests */ = {
			isa = PBXNativeTarget;
			buildConfigurationList = 2045F0C420E3CB3F00A3DE0D /* Build configuration list for PBXNativeTarget "nihaoTests" */;
			buildPhases = (
				2045F0A920E3CB3F00A3DE0D /* Sources */,
				2045F0AA20E3CB3F00A3DE0D /* Frameworks */,
				2045F0AB20E3CB3F00A3DE0D /* Resources */,
			);
			buildRules = (
			);
			dependencies = (
				2045F0AF20E3CB3F00A3DE0D /* PBXTargetDependency */,
			);
			name = nihaoTests;
			productName = nihaoTests;
			productReference = 2045F0AD20E3CB3F00A3DE0D /* nihaoTests.xctest */;
			productType = "com.apple.product-type.bundle.unit-test";
		};
		2045F0B720E3CB3F00A3DE0D /* nihaoUITests */ = {
			isa = PBXNativeTarget;
			buildConfigurationList = 2045F0C720E3CB3F00A3DE0D /* Build configuration list for PBXNativeTarget "nihaoUITests" */;
			buildPhases = (
				2045F0B420E3CB3F00A3DE0D /* Sources */,
				2045F0B520E3CB3F00A3DE0D /* Frameworks */,
				2045F0B620E3CB3F00A3DE0D /* Resources */,
			);
			buildRules = (
			);
			dependencies = (
				2045F0BA20E3CB3F00A3DE0D /* PBXTargetDependency */,
			);
			name = nihaoUITests;
			productName = nihaoUITests;
			productReference = 2045F0B820E3CB3F00A3DE0D /* nihaoUITests.xctest */;
			productType = "com.apple.product-type.bundle.ui-testing";
		};
/* End PBXNativeTarget section */

/* Begin PBXProject section */
		2045F09120E3CB3D00A3DE0D /* Project object */ = {
			isa = PBXProject;
			attributes = {
				LastSwiftUpdateCheck = 0940;
				LastUpgradeCheck = 0940;
				ORGANIZATIONNAME = "李越";
				TargetAttributes = {
					2045F09820E3CB3D00A3DE0D = {
						CreatedOnToolsVersion = 9.4;
					};
					2045F0AC20E3CB3F00A3DE0D = {
						CreatedOnToolsVersion = 9.4;
						TestTargetID = 2045F09820E3CB3D00A3DE0D;
					};
					2045F0B720E3CB3F00A3DE0D = {
						CreatedOnToolsVersion = 9.4;
						TestTargetID = 2045F09820E3CB3D00A3DE0D;
					};
				};
			};
			buildConfigurationList = 2045F09420E3CB3D00A3DE0D /* Build configuration list for PBXProject "nihao" */;
			compatibilityVersion = "Xcode 9.3";
			developmentRegion = en;
			hasScannedForEncodings = 0;
			knownRegions = (
				en,
				Base,
			);
			mainGroup = 2045F09020E3CB3D00A3DE0D;
			productRefGroup = 2045F09A20E3CB3D00A3DE0D /* Products */;
			projectDirPath = "";
			projectRoot = "";
			targets = (
				2045F09820E3CB3D00A3DE0D /* nihao */,
				2045F0AC20E3CB3F00A3DE0D /* nihaoTests */,
				2045F0B720E3CB3F00A3DE0D /* nihaoUITests */,
			);
		};
/* End PBXProject section */

/* Begin PBXResourcesBuildPhase section */
		2045F09720E3CB3D00A3DE0D /* Resources */ = {
			isa = PBXResourcesBuildPhase;
			buildActionMask = 2147483647;
			files = (
				2045F0A720E3CB3E00A3DE0D /* LaunchScreen.storyboard in Resources */,
				2045F0A420E3CB3E00A3DE0D /* Assets.xcassets in Resources */,
				2045F0A220E3CB3D00A3DE0D /* Main.storyboard in Resources */,
			);
			runOnlyForDeploymentPostprocessing = 0;
		};
		2045F0AB20E3CB3F00A3DE0D /* Resources */ = {
			isa = PBXResourcesBuildPhase;
			buildActionMask = 2147483647;
			files = (
			);
			runOnlyForDeploymentPostprocessing = 0;
		};
		2045F0B620E3CB3F00A3DE0D /* Resources */ = {
			isa = PBXResourcesBuildPhase;
			buildActionMask = 2147483647;
			files = (
			);
			runOnlyForDeploymentPostprocessing = 0;
		};
/* End PBXResourcesBuildPhase section */

/* Begin PBXSourcesBuildPhase section */
		2045F09520E3CB3D00A3DE0D /* Sources */ = {
			isa = PBXSourcesBuildPhase;
			buildActionMask = 2147483647;
			files = (
				2045F09F20E3CB3D00A3DE0D /* ViewController.swift in Sources */,
				2045F09D20E3CB3D00A3DE0D /* AppDelegate.swift in Sources */,
			);
			runOnlyForDeploymentPostprocessing = 0;
		};
		2045F0A920E3CB3F00A3DE0D /* Sources */ = {
			isa = PBXSourcesBuildPhase;
			buildActionMask = 2147483647;
			files = (
				2045F0B220E3CB3F00A3DE0D /* nihaoTests.swift in Sources */,
			);
			runOnlyForDeploymentPostprocessing = 0;
		};
		2045F0B420E3CB3F00A3DE0D /* Sources */ = {
			isa = PBXSourcesBuildPhase;
			buildActionMask = 2147483647;
			files = (
				2045F0BD20E3CB3F00A3DE0D /* nihaoUITests.swift in Sources */,
			);
			runOnlyForDeploymentPostprocessing = 0;
		};
/* End PBXSourcesBuildPhase section */

/* Begin PBXTargetDependency section */
		2045F0AF20E3CB3F00A3DE0D /* PBXTargetDependency */ = {
			isa = PBXTargetDependency;
			target = 2045F09820E3CB3D00A3DE0D /* nihao */;
			targetProxy = 2045F0AE20E3CB3F00A3DE0D /* PBXContainerItemProxy */;
		};
		2045F0BA20E3CB3F00A3DE0D /* PBXTargetDependency */ = {
			isa = PBXTargetDependency;
			target = 2045F09820E3CB3D00A3DE0D /* nihao */;
			targetProxy = 2045F0B920E3CB3F00A3DE0D /* PBXContainerItemProxy */;
		};
/* End PBXTargetDependency section */

/* Begin PBXVariantGroup section */
		2045F0A020E3CB3D00A3DE0D /* Main.storyboard */ = {
			isa = PBXVariantGroup;
			children = (
				2045F0A120E3CB3D00A3DE0D /* Base */,
			);
			name = Main.storyboard;
			sourceTree = "<group>";
		};
		2045F0A520E3CB3E00A3DE0D /* LaunchScreen.storyboard */ = {
			isa = PBXVariantGroup;
			children = (
				2045F0A620E3CB3E00A3DE0D /* Base */,
			);
			name = LaunchScreen.storyboard;
			sourceTree = "<group>";
		};
/* End PBXVariantGroup section */

/* Begin XCBuildConfiguration section */
		2045F0BF20E3CB3F00A3DE0D /* Debug */ = {
			isa = XCBuildConfiguration;
			buildSettings = {
				ALWAYS_SEARCH_USER_PATHS = NO;
				CLANG_ANALYZER_NONNULL = YES;
				CLANG_ANALYZER_NUMBER_OBJECT_CONVERSION = YES_AGGRESSIVE;
				CLANG_CXX_LANGUAGE_STANDARD = "gnu++14";
				CLANG_CXX_LIBRARY = "libc++";
				CLANG_ENABLE_MODULES = YES;
				CLANG_ENABLE_OBJC_ARC = YES;
				CLANG_ENABLE_OBJC_WEAK = YES;
				CLANG_WARN_BLOCK_CAPTURE_AUTORELEASING = YES;
				CLANG_WARN_BOOL_CONVERSION = YES;
				CLANG_WARN_COMMA = YES;
				CLANG_WARN_CONSTANT_CONVERSION = YES;
				CLANG_WARN_DEPRECATED_OBJC_IMPLEMENTATIONS = YES;
				CLANG_WARN_DIRECT_OBJC_ISA_USAGE = YES_ERROR;
				CLANG_WARN_DOCUMENTATION_COMMENTS = YES;
				CLANG_WARN_EMPTY_BODY = YES;
				CLANG_WARN_ENUM_CONVERSION = YES;
				CLANG_WARN_INFINITE_RECURSION = YES;
				CLANG_WARN_INT_CONVERSION = YES;
				CLANG_WARN_NON_LITERAL_NULL_CONVERSION = YES;
				CLANG_WARN_OBJC_IMPLICIT_RETAIN_SELF = YES;
				CLANG_WARN_OBJC_LITERAL_CONVERSION = YES;
				CLANG_WARN_OBJC_ROOT_CLASS = YES_ERROR;
				CLANG_WARN_RANGE_LOOP_ANALYSIS = YES;
				CLANG_WARN_STRICT_PROTOTYPES = YES;
				CLANG_WARN_SUSPICIOUS_MOVE = YES;
				CLANG_WARN_UNGUARDED_AVAILABILITY = YES_AGGRESSIVE;
				CLANG_WARN_UNREACHABLE_CODE = YES;
				CLANG_WARN__DUPLICATE_METHOD_MATCH = YES;
				CODE_SIGN_IDENTITY = "iPhone Developer";
				COPY_PHASE_STRIP = NO;
				DEBUG_INFORMATION_FORMAT = dwarf;
				ENABLE_STRICT_OBJC_MSGSEND = YES;
				ENABLE_TESTABILITY = YES;
				GCC_C_LANGUAGE_STANDARD = gnu11;
				GCC_DYNAMIC_NO_PIC = NO;
				GCC_NO_COMMON_BLOCKS = YES;
				GCC_OPTIMIZATION_LEVEL = 0;
				GCC_PREPROCESSOR_DEFINITIONS = (
					"DEBUG=1",
					"$(inherited)",
				);
				GCC_WARN_64_TO_32_BIT_CONVERSION = YES;
				GCC_WARN_ABOUT_RETURN_TYPE = YES_ERROR;
				GCC_WARN_UNDECLARED_SELECTOR = YES;
				GCC_WARN_UNINITIALIZED_AUTOS = YES_AGGRESSIVE;
				GCC_WARN_UNUSED_FUNCTION = YES;
				GCC_WARN_UNUSED_VARIABLE = YES;
				IPHONEOS_DEPLOYMENT_TARGET = 11.4;
				MTL_ENABLE_DEBUG_INFO = YES;
				ONLY_ACTIVE_ARCH = YES;
				SDKROOT = iphoneos;
				SWIFT_ACTIVE_COMPILATION_CONDITIONS = DEBUG;
				SWIFT_OPTIMIZATION_LEVEL = "-Onone";
			};
			name = Debug;
		};
		2045F0C020E3CB3F00A3DE0D /* Release */ = {
			isa = XCBuildConfiguration;
			buildSettings = {
				ALWAYS_SEARCH_USER_PATHS = NO;
				CLANG_ANALYZER_NONNULL = YES;
				CLANG_ANALYZER_NUMBER_OBJECT_CONVERSION = YES_AGGRESSIVE;
				CLANG_CXX_LANGUAGE_STANDARD = "gnu++14";
				CLANG_CXX_LIBRARY = "libc++";
				CLANG_ENABLE_MODULES = YES;
				CLANG_ENABLE_OBJC_ARC = YES;
				CLANG_ENABLE_OBJC_WEAK = YES;
				CLANG_WARN_BLOCK_CAPTURE_AUTORELEASING = YES;
				CLANG_WARN_BOOL_CONVERSION = YES;
				CLANG_WARN_COMMA = YES;
				CLANG_WARN_CONSTANT_CONVERSION = YES;
				CLANG_WARN_DEPRECATED_OBJC_IMPLEMENTATIONS = YES;
				CLANG_WARN_DIRECT_OBJC_ISA_USAGE = YES_ERROR;
				CLANG_WARN_DOCUMENTATION_COMMENTS = YES;
				CLANG_WARN_EMPTY_BODY = YES;
				CLANG_WARN_ENUM_CONVERSION = YES;
				CLANG_WARN_INFINITE_RECURSION = YES;
				CLANG_WARN_INT_CONVERSION = YES;
				CLANG_WARN_NON_LITERAL_NULL_CONVERSION = YES;
				CLANG_WARN_OBJC_IMPLICIT_RETAIN_SELF = YES;
				CLANG_WARN_OBJC_LITERAL_CONVERSION = YES;
				CLANG_WARN_OBJC_ROOT_CLASS = YES_ERROR;
				CLANG_WARN_RANGE_LOOP_ANALYSIS = YES;
				CLANG_WARN_STRICT_PROTOTYPES = YES;
				CLANG_WARN_SUSPICIOUS_MOVE = YES;
				CLANG_WARN_UNGUARDED_AVAILABILITY = YES_AGGRESSIVE;
				CLANG_WARN_UNREACHABLE_CODE = YES;
				CLANG_WARN__DUPLICATE_METHOD_MATCH = YES;
				CODE_SIGN_IDENTITY = "iPhone Developer";
				COPY_PHASE_STRIP = NO;
				DEBUG_INFORMATION_FORMAT = "dwarf-with-dsym";
				ENABLE_NS_ASSERTIONS = NO;
				ENABLE_STRICT_OBJC_MSGSEND = YES;
				GCC_C_LANGUAGE_STANDARD = gnu11;
				GCC_NO_COMMON_BLOCKS = YES;
				GCC_WARN_64_TO_32_BIT_CONVERSION = YES;
				GCC_WARN_ABOUT_RETURN_TYPE = YES_ERROR;
				GCC_WARN_UNDECLARED_SELECTOR = YES;
				GCC_WARN_UNINITIALIZED_AUTOS = YES_AGGRESSIVE;
				GCC_WARN_UNUSED_FUNCTION = YES;
				GCC_WARN_UNUSED_VARIABLE = YES;
				IPHONEOS_DEPLOYMENT_TARGET = 11.4;
				MTL_ENABLE_DEBUG_INFO = NO;
				SDKROOT = iphoneos;
				SWIFT_COMPILATION_MODE = wholemodule;
				SWIFT_OPTIMIZATION_LEVEL = "-O";
				VALIDATE_PRODUCT = YES;
			};
			name = Release;
		};
		2045F0C220E3CB3F00A3DE0D /* Debug */ = {
			isa = XCBuildConfiguration;
			buildSettings = {
				ASSETCATALOG_COMPILER_APPICON_NAME = AppIcon;
				CODE_SIGN_STYLE = Automatic;
				INFOPLIST_FILE = nihao/Info.plist;
				LD_RUNPATH_SEARCH_PATHS = (
					"$(inherited)",
					"@executable_path/Frameworks",
				);
				PRODUCT_BUNDLE_IDENTIFIER = ssqw.nihao;
				PRODUCT_NAME = "$(TARGET_NAME)";
				SWIFT_VERSION = 4.0;
				TARGETED_DEVICE_FAMILY = "1,2";
			};
			name = Debug;
		};
		2045F0C320E3CB3F00A3DE0D /* Release */ = {
			isa = XCBuildConfiguration;
			buildSettings = {
				ASSETCATALOG_COMPILER_APPICON_NAME = AppIcon;
				CODE_SIGN_STYLE = Automatic;
				INFOPLIST_FILE = nihao/Info.plist;
				LD_RUNPATH_SEARCH_PATHS = (
					"$(inherited)",
					"@executable_path/Frameworks",
				);
				PRODUCT_BUNDLE_IDENTIFIER = ssqw.nihao;
				PRODUCT_NAME = "$(TARGET_NAME)";
				SWIFT_VERSION = 4.0;
				TARGETED_DEVICE_FAMILY = "1,2";
			};
			name = Release;
		};
		2045F0C520E3CB3F00A3DE0D /* Debug */ = {
			isa = XCBuildConfiguration;
			buildSettings = {
				ALWAYS_EMBED_SWIFT_STANDARD_LIBRARIES = YES;
				BUNDLE_LOADER = "$(TEST_HOST)";
				CODE_SIGN_STYLE = Automatic;
				INFOPLIST_FILE = nihaoTests/Info.plist;
				LD_RUNPATH_SEARCH_PATHS = (
					"$(inherited)",
					"@executable_path/Frameworks",
					"@loader_path/Frameworks",
				);
				PRODUCT_BUNDLE_IDENTIFIER = ssqw.nihaoTests;
				PRODUCT_NAME = "$(TARGET_NAME)";
				SWIFT_VERSION = 4.0;
				TARGETED_DEVICE_FAMILY = "1,2";
				TEST_HOST = "$(BUILT_PRODUCTS_DIR)/nihao.app/nihao";
			};
			name = Debug;
		};
		2045F0C620E3CB3F00A3DE0D /* Release */ = {
			isa = XCBuildConfiguration;
			buildSettings = {
				ALWAYS_EMBED_SWIFT_STANDARD_LIBRARIES = YES;
				BUNDLE_LOADER = "$(TEST_HOST)";
				CODE_SIGN_STYLE = Automatic;
				INFOPLIST_FILE = nihaoTests/Info.plist;
				LD_RUNPATH_SEARCH_PATHS = (
					"$(inherited)",
					"@executable_path/Frameworks",
					"@loader_path/Frameworks",
				);
				PRODUCT_BUNDLE_IDENTIFIER = ssqw.nihaoTests;
				PRODUCT_NAME = "$(TARGET_NAME)";
				SWIFT_VERSION = 4.0;
				TARGETED_DEVICE_FAMILY = "1,2";
				TEST_HOST = "$(BUILT_PRODUCTS_DIR)/nihao.app/nihao";
			};
			name = Release;
		};
		2045F0C820E3CB3F00A3DE0D /* Debug */ = {
			isa = XCBuildConfiguration;
			buildSettings = {
				ALWAYS_EMBED_SWIFT_STANDARD_LIBRARIES = YES;
				CODE_SIGN_STYLE = Automatic;
				INFOPLIST_FILE = nihaoUITests/Info.plist;
				LD_RUNPATH_SEARCH_PATHS = (
					"$(inherited)",
					"@executable_path/Frameworks",
					"@loader_path/Frameworks",
				);
				PRODUCT_BUNDLE_IDENTIFIER = ssqw.nihaoUITests;
				PRODUCT_NAME = "$(TARGET_NAME)";
				SWIFT_VERSION = 4.0;
				TARGETED_DEVICE_FAMILY = "1,2";
				TEST_TARGET_NAME = nihao;
			};
			name = Debug;
		};
		2045F0C920E3CB3F00A3DE0D /* Release */ = {
			isa = XCBuildConfiguration;
			buildSettings = {
				ALWAYS_EMBED_SWIFT_STANDARD_LIBRARIES = YES;
				CODE_SIGN_STYLE = Automatic;
				INFOPLIST_FILE = nihaoUITests/Info.plist;
				LD_RUNPATH_SEARCH_PATHS = (
					"$(inherited)",
					"@executable_path/Frameworks",
					"@loader_path/Frameworks",
				);
				PRODUCT_BUNDLE_IDENTIFIER = ssqw.nihaoUITests;
				PRODUCT_NAME = "$(TARGET_NAME)";
				SWIFT_VERSION = 4.0;
				TARGETED_DEVICE_FAMILY = "1,2";
				TEST_TARGET_NAME = nihao;
			};
			name = Release;
		};
/* End XCBuildConfiguration section */

/* Begin XCConfigurationList section */
		2045F09420E3CB3D00A3DE0D /* Build configuration list for PBXProject "nihao" */ = {
			isa = XCConfigurationList;
			buildConfigurations = (
				2045F0BF20E3CB3F00A3DE0D /* Debug */,
				2045F0C020E3CB3F00A3DE0D /* Release */,
			);
			defaultConfigurationIsVisible = 0;
			defaultConfigurationName = Release;
		};
		2045F0C120E3CB3F00A3DE0D /* Build configuration list for PBXNativeTarget "nihao" */ = {
			isa = XCConfigurationList;
			buildConfigurations = (
				2045F0C220E3CB3F00A3DE0D /* Debug */,
				2045F0C320E3CB3F00A3DE0D /* Release */,
			);
			defaultConfigurationIsVisible = 0;
			defaultConfigurationName = Release;
		};
		2045F0C420E3CB3F00A3DE0D /* Build configuration list for PBXNativeTarget "nihaoTests" */ = {
			isa = XCConfigurationList;
			buildConfigurations = (
				2045F0C520E3CB3F00A3DE0D /* Debug */,
				2045F0C620E3CB3F00A3DE0D /* Release */,
			);
			defaultConfigurationIsVisible = 0;
			defaultConfigurationName = Release;
		};
		2045F0C720E3CB3F00A3DE0D /* Build configuration list for PBXNativeTarget "nihaoUITests" */ = {
			isa = XCConfigurationList;
			buildConfigurations = (
				2045F0C820E3CB3F00A3DE0D /* Debug */,
				2045F0C920E3CB3F00A3DE0D /* Release */,
			);
			defaultConfigurationIsVisible = 0;
			defaultConfigurationName = Release;
		};
/* End XCConfigurationList section */
	};
	rootObject = 2045F09120E3CB3D00A3DE0D /* Project object */;
}
